
Microsoft Visual Studio Solution File, Format Version 12.00
# Visual Studio Version 17
VisualStudioVersion = 17.1.32210.238
MinimumVisualStudioVersion = 10.0.40219.1
Project("{FAE04EC0-301F-11D3-BF4B-00C04F79EFBC}") = "MoodAnalyser", "MoodAnalyser.csproj", "{8E2F2881-5226-4D66-B9D2-89B1AF50A64D}"
EndProject
Project("{FAE04EC0-301F-11D3-BF4B-00C04F79EFBC}") = "MoodAnalyserTestCase", "..\MoodAnalyserTestCase\MoodAnalyserTestCase.csproj", "{3EBE83A5-AD1A-4BF2-891C-E4291B21DA7A}"
EndProject
Global
	GlobalSection(SolutionConfigurationPlatforms) = preSolution
		Debug|Any CPU = Debug|Any CPU
		Release|Any CPU = Release|Any CPU
	EndGlobalSection
	GlobalSection(ProjectConfigurationPlatforms) = postSolution
		{8E2F2881-5226-4D66-B9D2-89B1AF50A64D}.Debug|Any CPU.ActiveCfg = Debug|Any CPU
		{8E2F2881-5226-4D66-B9D2-89B1AF50A64D}.Debug|Any CPU.Build.0 = Debug|Any CPU
		{8E2F2881-5226-4D66-B9D2-89B1AF50A64D}.Release|Any CPU.ActiveCfg = Release|Any CPU
		{8E2F2881-5226-4D66-B9D2-89B1AF50A64D}.Release|Any CPU.Build.0 = Release|Any CPU
		{3EBE83A5-AD1A-4BF2-891C-E4291B21DA7A}.Debug|Any CPU.ActiveCfg = Debug|Any CPU
		{3EBE83A5-AD1A-4BF2-891C-E4291B21DA7A}.Debug|Any CPU.Build.0 = Debug|Any CPU
		{3EBE83A5-AD1A-4BF2-891C-E4291B21DA7A}.Release|Any CPU.ActiveCfg = Release|Any CPU
		{3EBE83A5-AD1A-4BF2-891C-E4291B21DA7A}.Release|Any CPU.Build.0 = Release|Any CPU
	EndGlobalSection
	GlobalSection(SolutionProperties) = preSolution
		HideSolutionNode = FALSE
	EndGlobalSection
	GlobalSection(ExtensibilityGlobals) = postSolution
		SolutionGuid = {DE9A1AF9-0C17-4277-ABBC-8FBC46B54DAF}
	EndGlobalSection
EndGlobal
